{
  "name": "my-module-playground",
  "lockfileVersion": 3,
  "requires": true,
  "packages": {
    "": {
      "name": "my-module-playground",
      "dependencies": {
        "lit": "^3.1.3"
      }
    },
    "node_modules/@lit-labs/ssr-dom-shim": {
      "version": "1.2.0",
      "resolved": "https://registry.npmjs.org/@lit-labs/ssr-dom-shim/-/ssr-dom-shim-1.2.0.tgz",
      "integrity": "sha512-yWJKmpGE6lUURKAaIltoPIE/wrbY3TEkqQt+X0m+7fQNnAv0keydnYvbiJFP1PnMhizmIWRWOG5KLhYyc/xl+g=="
    },
    "node_modules/@lit/reactive-element": {
      "version": "2.0.4",
      "resolved": "https://registry.npmjs.org/@lit/reactive-element/-/reactive-element-2.0.4.tgz",
      "integrity": "sha512-GFn91inaUa2oHLak8awSIigYz0cU0Payr1rcFsrkf5OJ5eSPxElyZfKh0f2p9FsTiZWXQdWGJeXZICEfXXYSXQ==",
      "dependencies": {
        "@lit-labs/ssr-dom-shim": "^1.2.0"
      }
    },
    "node_modules/@types/trusted-types": {
      "version": "2.0.7",
      "resolved": "https://registry.npmjs.org/@types/trusted-types/-/trusted-types-2.0.7.tgz",
      "integrity": "sha512-ScaPdn1dQczgbl0QFTeTOmVHFULt394XJgOQNoyVhZ6r2vLnMLJfBPd53SB52T/3G36VI1/g2MZaX0cwDuXsfw=="
    },
    "node_modules/lit": {
      "version": "3.1.3",
      "resolved": "https://registry.npmjs.org/lit/-/lit-3.1.3.tgz",
      "integrity": "sha512-l4slfspEsnCcHVRTvaP7YnkTZEZggNFywLEIhQaGhYDczG+tu/vlgm/KaWIEjIp+ZyV20r2JnZctMb8LeLCG7Q==",
      "dependencies": {
        "@lit/reactive-element": "^2.0.4",
        "lit-element": "^4.0.4",
        "lit-html": "^3.1.2"
      }
    },
    "node_modules/lit-element": {
      "version": "4.0.5",
      "resolved": "https://registry.npmjs.org/lit-element/-/lit-element-4.0.5.tgz",
      "integrity": "sha512-iTWskWZEtn9SyEf4aBG6rKT8GABZMrTWop1+jopsEOgEcugcXJGKuX5bEbkq9qfzY+XB4MAgCaSPwnNpdsNQ3Q==",
      "dependencies": {
        "@lit-labs/ssr-dom-shim": "^1.2.0",
        "@lit/reactive-element": "^2.0.4",
        "lit-html": "^3.1.2"
      }
    },
    "node_modules/lit-html": {
      "version": "3.1.3",
      "resolved": "https://registry.npmjs.org/lit-html/-/lit-html-3.1.3.tgz",
      "integrity": "sha512-FwIbqDD8O/8lM4vUZ4KvQZjPPNx7V1VhT7vmRB8RBAO0AU6wuTVdoXiu2CivVjEGdugvcbPNBLtPE1y0ifplHA==",
      "dependencies": {
        "@types/trusted-types": "^2.0.2"
      }
    }
  }
}
